
Microsoft Visual Studio Solution File, Format Version 12.00
# Visual Studio Version 16
VisualStudioVersion = 16.0.29009.5
MinimumVisualStudioVersion = 10.0.40219.1
Project("{888888A0-9F3D-457C-B088-3A5042F75D52}") = "Aplikacja_Wyszukiwarka_Projektow", "Aplikacja_Wyszukiwarka_Projektow.pyproj", "{6E856C28-6EEF-4B96-9F99-9E1AC4F0B5F7}"
EndProject
Global
	GlobalSection(SolutionConfigurationPlatforms) = preSolution
		Debug|Any CPU = Debug|Any CPU
		Release|Any CPU = Release|Any CPU
	EndGlobalSection
	GlobalSection(ProjectConfigurationPlatforms) = postSolution
		{6E856C28-6EEF-4B96-9F99-9E1AC4F0B5F7}.Debug|Any CPU.ActiveCfg = Debug|Any CPU
		{6E856C28-6EEF-4B96-9F99-9E1AC4F0B5F7}.Release|Any CPU.ActiveCfg = Release|Any CPU
	EndGlobalSection
	GlobalSection(SolutionProperties) = preSolution
		HideSolutionNode = FALSE
	EndGlobalSection
	GlobalSection(ExtensibilityGlobals) = postSolution
		SolutionGuid = {18EC6894-5BAE-4FA0-93FD-ECADBFC04DF5}
	EndGlobalSection
EndGlobal
